
Microsoft Visual Studio Solution File, Format Version 12.00
# Visual Studio Version 17
VisualStudioVersion = 17.3.32901.215
MinimumVisualStudioVersion = 10.0.40219.1
Project("{FAE04EC0-301F-11D3-BF4B-00C04F79EFBC}") = "SalesDBApp", "SalesDBApp.csproj", "{D0AE7A2B-3D08-40A6-976B-A1EC1FC8A45E}"
EndProject
Global
	GlobalSection(SolutionConfigurationPlatforms) = preSolution
		Debug|Any CPU = Debug|Any CPU
		Release|Any CPU = Release|Any CPU
	EndGlobalSection
	GlobalSection(ProjectConfigurationPlatforms) = postSolution
		{D0AE7A2B-3D08-40A6-976B-A1EC1FC8A45E}.Debug|Any CPU.ActiveCfg = Debug|Any CPU
		{D0AE7A2B-3D08-40A6-976B-A1EC1FC8A45E}.Debug|Any CPU.Build.0 = Debug|Any CPU
		{D0AE7A2B-3D08-40A6-976B-A1EC1FC8A45E}.Release|Any CPU.ActiveCfg = Release|Any CPU
		{D0AE7A2B-3D08-40A6-976B-A1EC1FC8A45E}.Release|Any CPU.Build.0 = Release|Any CPU
	EndGlobalSection
	GlobalSection(SolutionProperties) = preSolution
		HideSolutionNode = FALSE
	EndGlobalSection
	GlobalSection(ExtensibilityGlobals) = postSolution
		SolutionGuid = {C881D010-9383-4745-B111-3E5F12209751}
	EndGlobalSection
EndGlobal
